
Microsoft Visual Studio Solution File, Format Version 12.00
# Visual Studio Version 16
VisualStudioVersion = 16.0.31624.102
MinimumVisualStudioVersion = 10.0.40219.1
Project("{FAE04EC0-301F-11D3-BF4B-00C04F79EFBC}") = "chliq", "chliq\chliq.csproj", "{B4FB7DB2-B01A-4808-B639-C2717B59CF20}"
EndProject
Global
	GlobalSection(SolutionConfigurationPlatforms) = preSolution
		Debug|Any CPU = Debug|Any CPU
		Release|Any CPU = Release|Any CPU
	EndGlobalSection
	GlobalSection(ProjectConfigurationPlatforms) = postSolution
		{B4FB7DB2-B01A-4808-B639-C2717B59CF20}.Debug|Any CPU.ActiveCfg = Debug|Any CPU
		{B4FB7DB2-B01A-4808-B639-C2717B59CF20}.Debug|Any CPU.Build.0 = Debug|Any CPU
		{B4FB7DB2-B01A-4808-B639-C2717B59CF20}.Release|Any CPU.ActiveCfg = Release|Any CPU
		{B4FB7DB2-B01A-4808-B639-C2717B59CF20}.Release|Any CPU.Build.0 = Release|Any CPU
	EndGlobalSection
	GlobalSection(SolutionProperties) = preSolution
		HideSolutionNode = FALSE
	EndGlobalSection
	GlobalSection(ExtensibilityGlobals) = postSolution
		SolutionGuid = {AFF3BB0B-83A2-45DA-A2F5-7C4A7948B8D4}
	EndGlobalSection
EndGlobal
